
Microsoft Visual Studio Solution File, Format Version 12.00
# Visual Studio Version 17
VisualStudioVersion = 17.11.35222.181
MinimumVisualStudioVersion = 10.0.40219.1
Project("{2150E333-8FDC-42A3-9474-1A3956D46DE8}") = "src", "src", "{3EA106C7-ABF9-4C76-B22F-7F9AFB324947}"
EndProject
Project("{2150E333-8FDC-42A3-9474-1A3956D46DE8}") = "test", "test", "{6AADE4CA-25B6-4E36-BFD6-0BCD6D01B0A3}"
EndProject
Project("{FAE04EC0-301F-11D3-BF4B-00C04F79EFBC}") = "POS.Domain", "POS.Domain\POS.Domain.csproj", "{CD4F4A62-3198-4CF5-98F8-7BA2AC15145E}"
EndProject
Project("{FAE04EC0-301F-11D3-BF4B-00C04F79EFBC}") = "POS.Infrastructure", "POS.Infrastructure\POS.Infrastructure.csproj", "{3853F889-93C4-42FE-AA52-E00E1A1B4A02}"
EndProject
Project("{FAE04EC0-301F-11D3-BF4B-00C04F79EFBC}") = "POS.Application", "POS.Application\POS.Application.csproj", "{E6240F53-1036-4A31-86C4-6D614172F8A8}"
EndProject
Project("{FAE04EC0-301F-11D3-BF4B-00C04F79EFBC}") = "POS.Api", "POS.Api\POS.Api.csproj", "{C9809985-5089-485B-A1A7-AB325C8B2AB3}"
EndProject
Project("{FAE04EC0-301F-11D3-BF4B-00C04F79EFBC}") = "POS.Utilities", "POS.Utilities\POS.Utilities.csproj", "{EE58C174-C6BE-4E15-B74E-EDEF4414E6C4}"
EndProject
Project("{FAE04EC0-301F-11D3-BF4B-00C04F79EFBC}") = "POS.Test", "POS.Test\POS.Test.csproj", "{1D391507-4037-479F-9D08-E330A6CC45A9}"
EndProject
Global
	GlobalSection(SolutionConfigurationPlatforms) = preSolution
		Debug|Any CPU = Debug|Any CPU
		Release|Any CPU = Release|Any CPU
	EndGlobalSection
	GlobalSection(ProjectConfigurationPlatforms) = postSolution
		{CD4F4A62-3198-4CF5-98F8-7BA2AC15145E}.Debug|Any CPU.ActiveCfg = Debug|Any CPU
		{CD4F4A62-3198-4CF5-98F8-7BA2AC15145E}.Debug|Any CPU.Build.0 = Debug|Any CPU
		{CD4F4A62-3198-4CF5-98F8-7BA2AC15145E}.Release|Any CPU.ActiveCfg = Release|Any CPU
		{CD4F4A62-3198-4CF5-98F8-7BA2AC15145E}.Release|Any CPU.Build.0 = Release|Any CPU
		{3853F889-93C4-42FE-AA52-E00E1A1B4A02}.Debug|Any CPU.ActiveCfg = Debug|Any CPU
		{3853F889-93C4-42FE-AA52-E00E1A1B4A02}.Debug|Any CPU.Build.0 = Debug|Any CPU
		{3853F889-93C4-42FE-AA52-E00E1A1B4A02}.Release|Any CPU.ActiveCfg = Release|Any CPU
		{3853F889-93C4-42FE-AA52-E00E1A1B4A02}.Release|Any CPU.Build.0 = Release|Any CPU
		{E6240F53-1036-4A31-86C4-6D614172F8A8}.Debug|Any CPU.ActiveCfg = Debug|Any CPU
		{E6240F53-1036-4A31-86C4-6D614172F8A8}.Debug|Any CPU.Build.0 = Debug|Any CPU
		{E6240F53-1036-4A31-86C4-6D614172F8A8}.Release|Any CPU.ActiveCfg = Release|Any CPU
		{E6240F53-1036-4A31-86C4-6D614172F8A8}.Release|Any CPU.Build.0 = Release|Any CPU
		{C9809985-5089-485B-A1A7-AB325C8B2AB3}.Debug|Any CPU.ActiveCfg = Debug|Any CPU
		{C9809985-5089-485B-A1A7-AB325C8B2AB3}.Debug|Any CPU.Build.0 = Debug|Any CPU
		{C9809985-5089-485B-A1A7-AB325C8B2AB3}.Release|Any CPU.ActiveCfg = Release|Any CPU
		{C9809985-5089-485B-A1A7-AB325C8B2AB3}.Release|Any CPU.Build.0 = Release|Any CPU
		{EE58C174-C6BE-4E15-B74E-EDEF4414E6C4}.Debug|Any CPU.ActiveCfg = Debug|Any CPU
		{EE58C174-C6BE-4E15-B74E-EDEF4414E6C4}.Debug|Any CPU.Build.0 = Debug|Any CPU
		{EE58C174-C6BE-4E15-B74E-EDEF4414E6C4}.Release|Any CPU.ActiveCfg = Release|Any CPU
		{EE58C174-C6BE-4E15-B74E-EDEF4414E6C4}.Release|Any CPU.Build.0 = Release|Any CPU
		{1D391507-4037-479F-9D08-E330A6CC45A9}.Debug|Any CPU.ActiveCfg = Debug|Any CPU
		{1D391507-4037-479F-9D08-E330A6CC45A9}.Debug|Any CPU.Build.0 = Debug|Any CPU
		{1D391507-4037-479F-9D08-E330A6CC45A9}.Release|Any CPU.ActiveCfg = Release|Any CPU
		{1D391507-4037-479F-9D08-E330A6CC45A9}.Release|Any CPU.Build.0 = Release|Any CPU
	EndGlobalSection
	GlobalSection(SolutionProperties) = preSolution
		HideSolutionNode = FALSE
	EndGlobalSection
	GlobalSection(NestedProjects) = preSolution
		{CD4F4A62-3198-4CF5-98F8-7BA2AC15145E} = {3EA106C7-ABF9-4C76-B22F-7F9AFB324947}
		{3853F889-93C4-42FE-AA52-E00E1A1B4A02} = {3EA106C7-ABF9-4C76-B22F-7F9AFB324947}
		{E6240F53-1036-4A31-86C4-6D614172F8A8} = {3EA106C7-ABF9-4C76-B22F-7F9AFB324947}
		{C9809985-5089-485B-A1A7-AB325C8B2AB3} = {3EA106C7-ABF9-4C76-B22F-7F9AFB324947}
		{EE58C174-C6BE-4E15-B74E-EDEF4414E6C4} = {3EA106C7-ABF9-4C76-B22F-7F9AFB324947}
		{1D391507-4037-479F-9D08-E330A6CC45A9} = {6AADE4CA-25B6-4E36-BFD6-0BCD6D01B0A3}
	EndGlobalSection
	GlobalSection(ExtensibilityGlobals) = postSolution
		SolutionGuid = {11DC3E36-C791-4994-A994-9EA154C1C64A}
	EndGlobalSection
EndGlobal
